{
  "name": "basicrenderingframework",
  "version": "1.0.0",
  "lockfileVersion": 3,
  "requires": true,
  "packages": {
    "": {
      "name": "basicrenderingframework",
      "version": "1.0.0",
      "license": "ISC",
      "dependencies": {
        "@types/gl-matrix": "^3.2.0",
        "gl-matrix": "^3.4.3"
      },
      "devDependencies": {
        "typescript": "^5.0.4"
      }
    },
    "node_modules/@types/gl-matrix": {
      "version": "3.2.0",
      "resolved": "https://registry.npmjs.org/@types/gl-matrix/-/gl-matrix-3.2.0.tgz",
      "integrity": "sha512-CY4JAtSOGQX7rVgqVuOk7ZfaLv8VeadDMPj3smMOy8Hp/YiHONa3Mr0mEUgbo0eEwV7+Owpf6BwspcA7hv4NXg==",
      "deprecated": "This is a stub types definition. gl-matrix provides its own type definitions, so you do not need this installed.",
      "dependencies": {
        "gl-matrix": "*"
      }
    },
    "node_modules/gl-matrix": {
      "version": "3.4.3",
      "resolved": "https://registry.npmjs.org/gl-matrix/-/gl-matrix-3.4.3.tgz",
      "integrity": "sha512-wcCp8vu8FT22BnvKVPjXa/ICBWRq/zjFfdofZy1WSpQZpphblv12/bOQLBC1rMM7SGOFS9ltVmKOHil5+Ml7gA=="
    },
    "node_modules/typescript": {
      "version": "5.0.4",
      "resolved": "https://registry.npmjs.org/typescript/-/typescript-5.0.4.tgz",
      "integrity": "sha512-cW9T5W9xY37cc+jfEnaUvX91foxtHkza3Nw3wkoF4sSlKn0MONdkdEndig/qPBWXNkmplh3NzayQzCiHM4/hqw==",
      "dev": true,
      "bin": {
        "tsc": "bin/tsc",
        "tsserver": "bin/tsserver"
      },
      "engines": {
        "node": ">=12.20"
      }
    }
  }
}
